
Microsoft Visual Studio Solution File, Format Version 12.00
# Visual Studio Version 17
VisualStudioVersion = 17.11.35312.102
MinimumVisualStudioVersion = 10.0.40219.1
Project("{FAE04EC0-301F-11D3-BF4B-00C04F79EFBC}") = "WebAPI", "WebAPI\WebAPI.csproj", "{1A27C3E7-34D8-4359-94E1-F330928895DB}"
EndProject
Project("{FAE04EC0-301F-11D3-BF4B-00C04F79EFBC}") = "Domain", "Domain\Domain.csproj", "{1244F394-660D-4B98-99DC-CE79CE6D9569}"
EndProject
Project("{FAE04EC0-301F-11D3-BF4B-00C04F79EFBC}") = "Service", "Service\Service.csproj", "{AF090E4A-157E-4A2F-88C6-BACB41BA71C2}"
EndProject
Project("{FAE04EC0-301F-11D3-BF4B-00C04F79EFBC}") = "Repository", "Repository\Repository.csproj", "{FCB0CE3C-8B14-404B-B547-4F630B098B31}"
EndProject
Global
	GlobalSection(SolutionConfigurationPlatforms) = preSolution
		Debug|Any CPU = Debug|Any CPU
		Release|Any CPU = Release|Any CPU
	EndGlobalSection
	GlobalSection(ProjectConfigurationPlatforms) = postSolution
		{1A27C3E7-34D8-4359-94E1-F330928895DB}.Debug|Any CPU.ActiveCfg = Debug|Any CPU
		{1A27C3E7-34D8-4359-94E1-F330928895DB}.Debug|Any CPU.Build.0 = Debug|Any CPU
		{1A27C3E7-34D8-4359-94E1-F330928895DB}.Release|Any CPU.ActiveCfg = Release|Any CPU
		{1A27C3E7-34D8-4359-94E1-F330928895DB}.Release|Any CPU.Build.0 = Release|Any CPU
		{1244F394-660D-4B98-99DC-CE79CE6D9569}.Debug|Any CPU.ActiveCfg = Debug|Any CPU
		{1244F394-660D-4B98-99DC-CE79CE6D9569}.Debug|Any CPU.Build.0 = Debug|Any CPU
		{1244F394-660D-4B98-99DC-CE79CE6D9569}.Release|Any CPU.ActiveCfg = Release|Any CPU
		{1244F394-660D-4B98-99DC-CE79CE6D9569}.Release|Any CPU.Build.0 = Release|Any CPU
		{AF090E4A-157E-4A2F-88C6-BACB41BA71C2}.Debug|Any CPU.ActiveCfg = Debug|Any CPU
		{AF090E4A-157E-4A2F-88C6-BACB41BA71C2}.Debug|Any CPU.Build.0 = Debug|Any CPU
		{AF090E4A-157E-4A2F-88C6-BACB41BA71C2}.Release|Any CPU.ActiveCfg = Release|Any CPU
		{AF090E4A-157E-4A2F-88C6-BACB41BA71C2}.Release|Any CPU.Build.0 = Release|Any CPU
		{FCB0CE3C-8B14-404B-B547-4F630B098B31}.Debug|Any CPU.ActiveCfg = Debug|Any CPU
		{FCB0CE3C-8B14-404B-B547-4F630B098B31}.Debug|Any CPU.Build.0 = Debug|Any CPU
		{FCB0CE3C-8B14-404B-B547-4F630B098B31}.Release|Any CPU.ActiveCfg = Release|Any CPU
		{FCB0CE3C-8B14-404B-B547-4F630B098B31}.Release|Any CPU.Build.0 = Release|Any CPU
	EndGlobalSection
	GlobalSection(SolutionProperties) = preSolution
		HideSolutionNode = FALSE
	EndGlobalSection
	GlobalSection(ExtensibilityGlobals) = postSolution
		SolutionGuid = {36B8CE37-A154-4FBF-9850-3CCC46AE5731}
	EndGlobalSection
EndGlobal
